
Microsoft Visual Studio Solution File, Format Version 12.00
Project("{FAE04EC0-301F-11D3-BF4B-00C04F79EFBC}") = "OpenSCAD.NET", "OpenSCAD.NET\OpenSCAD.NET.csproj", "{82CD9F55-062F-4B37-BD9C-9DEF9E919910}"
EndProject
Project("{FAE04EC0-301F-11D3-BF4B-00C04F79EFBC}") = "Playground", "Playground\Playground.csproj", "{45AD9C52-98A1-4710-A69F-2375377C4696}"
EndProject
Global
	GlobalSection(SolutionConfigurationPlatforms) = preSolution
		Debug|Any CPU = Debug|Any CPU
		Release|Any CPU = Release|Any CPU
	EndGlobalSection
	GlobalSection(ProjectConfigurationPlatforms) = postSolution
		{82CD9F55-062F-4B37-BD9C-9DEF9E919910}.Debug|Any CPU.ActiveCfg = Debug|Any CPU
		{82CD9F55-062F-4B37-BD9C-9DEF9E919910}.Debug|Any CPU.Build.0 = Debug|Any CPU
		{82CD9F55-062F-4B37-BD9C-9DEF9E919910}.Release|Any CPU.ActiveCfg = Release|Any CPU
		{82CD9F55-062F-4B37-BD9C-9DEF9E919910}.Release|Any CPU.Build.0 = Release|Any CPU
		{45AD9C52-98A1-4710-A69F-2375377C4696}.Debug|Any CPU.ActiveCfg = Debug|Any CPU
		{45AD9C52-98A1-4710-A69F-2375377C4696}.Debug|Any CPU.Build.0 = Debug|Any CPU
		{45AD9C52-98A1-4710-A69F-2375377C4696}.Release|Any CPU.ActiveCfg = Release|Any CPU
		{45AD9C52-98A1-4710-A69F-2375377C4696}.Release|Any CPU.Build.0 = Release|Any CPU
	EndGlobalSection
EndGlobal
